
Microsoft Visual Studio Solution File, Format Version 12.00
# Visual Studio Version 17
VisualStudioVersion = 17.1.32407.343
MinimumVisualStudioVersion = 10.0.40219.1
Project("{FAE04EC0-301F-11D3-BF4B-00C04F79EFBC}") = "JuniorN8", "JuniorN8.csproj", "{9045B3B4-2001-4CA0-8B14-5E4BE597B17D}"
EndProject
Global
	GlobalSection(SolutionConfigurationPlatforms) = preSolution
		Debug|Any CPU = Debug|Any CPU
		Release|Any CPU = Release|Any CPU
	EndGlobalSection
	GlobalSection(ProjectConfigurationPlatforms) = postSolution
		{9045B3B4-2001-4CA0-8B14-5E4BE597B17D}.Debug|Any CPU.ActiveCfg = Debug|Any CPU
		{9045B3B4-2001-4CA0-8B14-5E4BE597B17D}.Debug|Any CPU.Build.0 = Debug|Any CPU
		{9045B3B4-2001-4CA0-8B14-5E4BE597B17D}.Release|Any CPU.ActiveCfg = Release|Any CPU
		{9045B3B4-2001-4CA0-8B14-5E4BE597B17D}.Release|Any CPU.Build.0 = Release|Any CPU
	EndGlobalSection
	GlobalSection(SolutionProperties) = preSolution
		HideSolutionNode = FALSE
	EndGlobalSection
	GlobalSection(ExtensibilityGlobals) = postSolution
		SolutionGuid = {695BEF8B-39B9-45AF-8143-73FAA6D89ED6}
	EndGlobalSection
EndGlobal
